
Microsoft Visual Studio Solution File, Format Version 12.00
# Visual Studio Version 17
VisualStudioVersion = 17.14.37012.4 d17.14
MinimumVisualStudioVersion = 10.0.40219.1
Project("{FAE04EC0-301F-11D3-BF4B-00C04F79EFBC}") = "scdh", "scdh\scdh.csproj", "{4EC4550E-FAFF-4D78-8C77-286A5B53E0E7}"
EndProject
Global
	GlobalSection(SolutionConfigurationPlatforms) = preSolution
		Debug|Any CPU = Debug|Any CPU
		Release|Any CPU = Release|Any CPU
	EndGlobalSection
	GlobalSection(ProjectConfigurationPlatforms) = postSolution
		{4EC4550E-FAFF-4D78-8C77-286A5B53E0E7}.Debug|Any CPU.ActiveCfg = Debug|Any CPU
		{4EC4550E-FAFF-4D78-8C77-286A5B53E0E7}.Debug|Any CPU.Build.0 = Debug|Any CPU
		{4EC4550E-FAFF-4D78-8C77-286A5B53E0E7}.Release|Any CPU.ActiveCfg = Release|Any CPU
		{4EC4550E-FAFF-4D78-8C77-286A5B53E0E7}.Release|Any CPU.Build.0 = Release|Any CPU
	EndGlobalSection
	GlobalSection(SolutionProperties) = preSolution
		HideSolutionNode = FALSE
	EndGlobalSection
	GlobalSection(ExtensibilityGlobals) = postSolution
		SolutionGuid = {4B6FAD52-4FE8-4423-9CC7-1D49EF5BD3C9}
	EndGlobalSection
EndGlobal
